
Microsoft Visual Studio Solution File, Format Version 12.00
# Visual Studio 15
VisualStudioVersion = 15.0.28307.271
MinimumVisualStudioVersion = 10.0.40219.1
Project("{FAE04EC0-301F-11D3-BF4B-00C04F79EFBC}") = "ReviewSite", "ReviewSite\ReviewSite.csproj", "{88CE1963-9BFC-4C77-83D3-F88C3F03EDEC}"
EndProject
Project("{FAE04EC0-301F-11D3-BF4B-00C04F79EFBC}") = "ReviewSite.Tests", "ReviewSite.Tests\ReviewSite.Tests.csproj", "{2DE98605-5160-4E2D-85D9-6575E96147EE}"
EndProject
Global
	GlobalSection(SolutionConfigurationPlatforms) = preSolution
		Debug|Any CPU = Debug|Any CPU
		Release|Any CPU = Release|Any CPU
	EndGlobalSection
	GlobalSection(ProjectConfigurationPlatforms) = postSolution
		{88CE1963-9BFC-4C77-83D3-F88C3F03EDEC}.Debug|Any CPU.ActiveCfg = Debug|Any CPU
		{88CE1963-9BFC-4C77-83D3-F88C3F03EDEC}.Debug|Any CPU.Build.0 = Debug|Any CPU
		{88CE1963-9BFC-4C77-83D3-F88C3F03EDEC}.Release|Any CPU.ActiveCfg = Release|Any CPU
		{88CE1963-9BFC-4C77-83D3-F88C3F03EDEC}.Release|Any CPU.Build.0 = Release|Any CPU
		{2DE98605-5160-4E2D-85D9-6575E96147EE}.Debug|Any CPU.ActiveCfg = Debug|Any CPU
		{2DE98605-5160-4E2D-85D9-6575E96147EE}.Debug|Any CPU.Build.0 = Debug|Any CPU
		{2DE98605-5160-4E2D-85D9-6575E96147EE}.Release|Any CPU.ActiveCfg = Release|Any CPU
		{2DE98605-5160-4E2D-85D9-6575E96147EE}.Release|Any CPU.Build.0 = Release|Any CPU
	EndGlobalSection
	GlobalSection(SolutionProperties) = preSolution
		HideSolutionNode = FALSE
	EndGlobalSection
	GlobalSection(ExtensibilityGlobals) = postSolution
		SolutionGuid = {976DFA25-86C4-46F4-8B61-447A5CFBDB42}
	EndGlobalSection
EndGlobal
